agent-client-protocol==0.9.0 --hash=sha256:06911500b51d8cb69112544e2be01fc5e7db39ef88fecbc3848c5c6f194798ee
annotated-doc==0.0.5 --hash=sha256:117bac03a25ede5df5440e855b32d556049ca169ead221505badf432fed4b101
annotated-types==0.8.0 --hash=sha256:f072f4d804ea359e4eaf198b1af7a8b0943881a87f31bb764f8bf219bb9419e0
anyio==4.15.1 --hash=sha256:6152fdbbf9a77fdec97731721bebf7c4c44f7c29b424b0065826173efc7ed101
attrs==26.1.0 --hash=sha256:c647aa4a12dfbad9333ca4e71fe62ddc36f4e63b2d260a37a8b83d2f043ac309
certifi==2026.5.20 --hash=sha256:3c52e209ba0a4ad7aebe60436a4ab349c39e1e602e8c134221e546902ad25897
cffi==2.1.1 --hash=sha256:1aa5645c30469b09530c4ebca77ebf8f17618293c58f8549cb1a543a50236e7d
charset-normalizer==3.5.1 --hash=sha256:aea996a6aba25260827c9ea511d1addfde2da9eb686ac961838509086188b7e6
click==8.5.0 --hash=sha256:255bc9599cf7748b4b1a446ccc735421bd08a2ae529a8b88597d3de5664ee360
colorama==0.4.6 --hash=sha256:4f1d9991f5acc0ca119f9d443620b77f9d6b33703e51011c16baf57afb285fc6
concurrent-log-handler==0.9.29 --hash=sha256:0d6c077fbaef2dae49a25975dcf72a602fe0a6a4ce80a3b7c37696d37e10459a
croniter==6.0.0 --hash=sha256:2f878c3856f17896979b2a4379ba1f09c83e374931ea15cc835c5dd2eee9b368
cryptography==46.0.7 --hash=sha256:397655da831414d165029da9bc483bed2fe0e75dde6a1523ec2fe63f3c46046b
distro==1.9.0 --hash=sha256:7bffd925d65168f85027d8da9af6bddab658135b840670a223589bc0c8ef02b2
fastapi==0.141.1 --hash=sha256:bfb91aa2d334c61cb35ba9a116fc123b3d3df31640b801cf57a7a78ec3f603b3
fire==0.7.1 --hash=sha256:e43fd8a5033a9001e7e2973bab96070694b9f12f2e0ecf96d4683971b5ab1882
h11==0.16.0 --hash=sha256:63cf8bbe7522de3bf65932fda1d9c2772064ffb3dae62d55932da54b31cb6c86
hermes-agent[acp,mcp]==0.19.0 --hash=sha256:bd0bac012aee38a60894781f4597dc29ee7bedb3448540249921f10d3bef327f
httpcore==1.0.9 --hash=sha256:2d400746a40668fc9dec9810239072b40b4484b640a8c38fd654a024c7a1bf55
httptools==0.8.0 --hash=sha256:7685df791fad561384bfb139e77fde27a1ffd93134e016f95a0db424ffbf77b1
httpx==0.28.1 --hash=sha256:d909fcccc110f8c7faf814ca82a9a4d816bc5a6dbfea25d6591d6985b8ba59ad
httpx-sse==0.4.3 --hash=sha256:0ac1c9fe3c0afad2e0ebb25a934a59f4c7823b60792691f779fad2c5568830fc
idna==3.19 --hash=sha256:815e7be7a7806d54abb586dc943addc79e8b2ee16915059658cbeff4b1b43bf4
Jinja2==3.1.6 --hash=sha256:85ece4451f492d0c13c5dd7c13a64681a86afae63a5f347908daf103ce6d2f67
jiter==0.16.0 --hash=sha256:baad945ed47f163ad833314f8e3288c396118934f94e7bbb9e243ce4b341a4fd
jsonschema==4.26.0 --hash=sha256:d489f15263b8d200f8387e64b4c3a75f06629559fb73deb8fdfb525f2dab50ce
jsonschema-specifications==2025.9.1 --hash=sha256:98802fee3a11ee76ecaca44429fda8a41bff98b00a0f2838151b113f210cc6fe
Markdown==3.10.2 --hash=sha256:e91464b71ae3ee7afd3017d9f358ef0baf158fd9a298db92f1d4761133824c36
markdown-it-py==4.2.0 --hash=sha256:9f7ebbcd14fe59494226453aed97c1070d83f8d24b6fc3a3bcf9a38092641c4a
MarkupSafe==3.0.3 --hash=sha256:9a1abfdc021a164803f4d485104931fb8f8c1efd55bc6b748d2f5774e78b62c5
mcp==1.26.0 --hash=sha256:904a21c33c25aa98ddbeb47273033c435e595bbacfdb177f4bd87f6dceebe1ca
mdurl==0.1.2 --hash=sha256:84008a41e51615a49fc9966191ff91509e3c40b939176e643fd50a5c2196b8f8
openai==2.24.0 --hash=sha256:fed30480d7d6c884303287bde864980a4b137b60553ffbcf9ab4a233b7a73d94
packaging==26.0 --hash=sha256:b36f1fef9334a5588b4166f8bcd26a14e521f2b55e6b9de3aaa80d3ff7a37529
pathspec==1.1.1 --hash=sha256:a00ce642f577bf7f473932318056212bc4f8bfdf53128c78bbd5af0b9b20b189
pillow==12.2.0 --hash=sha256:390ede346628ccc626e5730107cde16c42d3836b89662a115a921f28440e6a3b
portalocker==4.3.0 --hash=sha256:aa91709ccfc322b8225171392d64a2f9fc833f15f5ab741cfba6d3fba285ce31
prompt_toolkit==3.0.52 --hash=sha256:9aac639a3bbd33284347de5ad8d68ecc044b91a762dc39b7c21095fcd6a19955
psutil==7.2.2 --hash=sha256:eb7e81434c8d223ec4a219b5fc1c47d0417b12be7ea866e24fb5ad6e84b3d988
pycparser==3.0 --hash=sha256:b727414169a36b7d524c1c3e31839a521725078d7b2ff038656844266160a992
pydantic==2.13.4 --hash=sha256:45a282cde31d808236fd7ea9d919b128653c8b38b393d1c4ab335c62924d9aba
pydantic_core==2.46.4 --hash=sha256:6b3ace8194b0e5204818c92802dcdca7fc6d88aabbb799d7c795540d9cd6d292
pydantic-settings==2.15.0 --hash=sha256:0ba092c291c94baceb5eff768aa0d56400a457585bc0175925a5a5510303da42
Pygments==2.21.0 --hash=sha256:2363c69b61c4a97c838da3b130dcd6468f4848992b21a82f2a63ec34377137d9
PyJWT==2.13.0 --hash=sha256:66adcc2aff09b3f1bbd95fc1e1577df8ac8723c978552fd43304c8a290ac5728
python-dateutil==2.9.0.post0 --hash=sha256:a8b2bc7bffae282281c8140a97d3aa9c14da0b136dfe83f850eea9a5f7470427
python-dotenv==1.2.2 --hash=sha256:1d8214789a24de455a8b8bd8ae6fe3c6b69a5e3d64aa8a8e5d68e694bbcb285a
python-multipart==0.0.32 --hash=sha256:ff6d3f776f16878c894e52e107296ffc890e913c611b1a4ec6c44e2821fe2e23
pytz==2026.3.post1 --hash=sha256:dd95840dd199baea12d9cc096a1d452caa6596a1c1e4b5f3dbd1541855d5e815
pywin32==312 --hash=sha256:c53e878d15a1c44788082bfe712a905433473aa38f86375b7cf8b45e3acbaaf9
pywinpty==2.0.15 --hash=sha256:ab5920877dd632c124b4ed17bc6dd6ef3b9f86cd492b963ffdb1a67b85b0f408
PyYAML==6.0.3 --hash=sha256:79005a0d97d5ddabfeeea4cf676af11e647e41d81c9a7722a193022accdb6b7c
referencing==0.37.0 --hash=sha256:381329a9f99628c9069361716891d34ad94af76e461dcb0335825aecc7692231
requests==2.33.0 --hash=sha256:3324635456fa185245e24865e810cecec7b4caf933d7eb133dcde67d48cee69b
rich==14.3.3 --hash=sha256:793431c1f8619afa7d3b52b2cdec859562b950ea0d4b6b505397612db8d5362d
rpds-py==2026.6.3 --hash=sha256:9250a9a0a6fd4648b3f868da8d91a4c52b5811a62df58e753d50ae4454a36f80
ruamel.yaml==0.18.17 --hash=sha256:9c8ba9eb3e793efdf924b60d521820869d5bf0cb9c6f1b82d82de8295e290b9d
ruamel.yaml.clib==0.2.15 --hash=sha256:45702dfbea1420ba3450bb3dd9a80b33f0badd57539c6aac09f42584303e0db6
six==1.17.0 --hash=sha256:4721f391ed90541fddacab5acf947aa0d3dc7d27b2e1e8eda2be8970586c3274
sniffio==1.3.1 --hash=sha256:2f6da418d1f1e0fddd844478f41680e794e6051915791a034ff65e5f100525a2
socksio==1.0.0 --hash=sha256:95dc1f15f9b34e8d7b16f06d74b8ccf48f609af32ab33c608d08761c5dcbb1f3
sse-starlette==3.4.11 --hash=sha256:c7b2244bdff016fe7f64e10075e89a3e6bbf899649cc89b0fe884b5545042453
starlette==1.0.1 --hash=sha256:7c0e69b2ee1c848bd54669d908500117a3ee13de603a21427e5c6fc1adf98dcd
tenacity==9.1.4 --hash=sha256:6095a360c919085f28c6527de529e76a06ad89b23659fa881ae0649b867a9d55
termcolor==3.3.0 --hash=sha256:cf642efadaf0a8ebbbf4bc7a31cec2f9b5f21a9f726f4ccbb08192c9c26f43a5
tqdm==4.70.0 --hash=sha256:7f585706bfddbdebf89daac705b2dfcc16890130727d3197ca62c732b4310953
typing-extensions==4.16.0 --hash=sha256:481caa481374e813c1b176ada14e97f1f67a4539ce9cfeb3f350d78d6370c2e8
typing-inspection==0.4.4 --hash=sha256:65b8397ba37ccbce054456aaccddfc91e6e3083c92824df348d96ca832f3f147
tzdata==2025.3 --hash=sha256:06a47e5700f3081aab02b2e513160914ff0694bce9947d6b76ebd6bf57cfc5d1
urllib3==2.7.0 --hash=sha256:9fb4c81ebbb1ce9531cce37674bbc6f1360472bc18ca9a553ede278ef7276897
uvicorn==0.52.4 --hash=sha256:f86e41a149d7d05a9969337e3946a9c171c06a5d42680896daaba624aeac8da1
watchfiles==1.2.0 --hash=sha256:a0f27f01bee51861392bb6b7c4fdb290b27d1eb194e9e28788d68102a0e898d9
wcwidth==0.8.3 --hash=sha256:d5b73dba6158a595ec9370350e7f2637bcac8d6c5e4fde34f30fcffb6103a5e4
websockets==15.0.1 --hash=sha256:e09473f095a819042ecb2ab9465aee615bd9c2028e4ef7d933600a8401c79561
